
Microsoft Visual Studio Solution File, Format Version 12.00
# Visual Studio 15
VisualStudioVersion = 15.0.27703.2042
MinimumVisualStudioVersion = 10.0.40219.1
Project("{9A19103F-16F7-4668-BE54-9A1E7A4F7556}") = "StoreReactNET.WebAPI", "StoreReactNET.WebAPI\StoreReactNET.WebAPI.csproj", "{94ABEC0A-F508-44DB-B0E4-88C99C9F3BFA}"
EndProject
Project("{9A19103F-16F7-4668-BE54-9A1E7A4F7556}") = "StoreReactNET.Infrastructure", "StoreReactNET.Infrastructure\StoreReactNET.Infrastructure.csproj", "{53D6D5C8-C394-45B7-835B-CDB4D0CF6D4A}"
EndProject
Project("{9A19103F-16F7-4668-BE54-9A1E7A4F7556}") = "StoreReactNET.Services", "StoreReactNET.Services\StoreReactNET.Services.csproj", "{86EADAFA-B190-493E-8212-4B49C0EC7BB7}"
EndProject
Project("{2150E333-8FDC-42A3-9474-1A3956D46DE8}") = "Tests", "Tests", "{86A58045-B4AB-417E-AF7C-F0659E52C195}"
EndProject
Project("{FAE04EC0-301F-11D3-BF4B-00C04F79EFBC}") = "StoreReactNET.Infrastructure.Tests", "StoreReactNET.Infrastructure.Tests\StoreReactNET.Infrastructure.Tests.csproj", "{BCD663FC-D9DB-4974-AD1C-6705893C88BF}"
EndProject
Global
	GlobalSection(SolutionConfigurationPlatforms) = preSolution
		Debug|Any CPU = Debug|Any CPU
		Release|Any CPU = Release|Any CPU
	EndGlobalSection
	GlobalSection(ProjectConfigurationPlatforms) = postSolution
		{94ABEC0A-F508-44DB-B0E4-88C99C9F3BFA}.Debug|Any CPU.ActiveCfg = Debug|Any CPU
		{94ABEC0A-F508-44DB-B0E4-88C99C9F3BFA}.Debug|Any CPU.Build.0 = Debug|Any CPU
		{94ABEC0A-F508-44DB-B0E4-88C99C9F3BFA}.Release|Any CPU.ActiveCfg = Release|Any CPU
		{94ABEC0A-F508-44DB-B0E4-88C99C9F3BFA}.Release|Any CPU.Build.0 = Release|Any CPU
		{53D6D5C8-C394-45B7-835B-CDB4D0CF6D4A}.Debug|Any CPU.ActiveCfg = Debug|Any CPU
		{53D6D5C8-C394-45B7-835B-CDB4D0CF6D4A}.Debug|Any CPU.Build.0 = Debug|Any CPU
		{53D6D5C8-C394-45B7-835B-CDB4D0CF6D4A}.Release|Any CPU.ActiveCfg = Release|Any CPU
		{53D6D5C8-C394-45B7-835B-CDB4D0CF6D4A}.Release|Any CPU.Build.0 = Release|Any CPU
		{86EADAFA-B190-493E-8212-4B49C0EC7BB7}.Debug|Any CPU.ActiveCfg = Debug|Any CPU
		{86EADAFA-B190-493E-8212-4B49C0EC7BB7}.Debug|Any CPU.Build.0 = Debug|Any CPU
		{86EADAFA-B190-493E-8212-4B49C0EC7BB7}.Release|Any CPU.ActiveCfg = Release|Any CPU
		{86EADAFA-B190-493E-8212-4B49C0EC7BB7}.Release|Any CPU.Build.0 = Release|Any CPU
		{BCD663FC-D9DB-4974-AD1C-6705893C88BF}.Debug|Any CPU.ActiveCfg = Debug|Any CPU
		{BCD663FC-D9DB-4974-AD1C-6705893C88BF}.Debug|Any CPU.Build.0 = Debug|Any CPU
		{BCD663FC-D9DB-4974-AD1C-6705893C88BF}.Release|Any CPU.ActiveCfg = Release|Any CPU
		{BCD663FC-D9DB-4974-AD1C-6705893C88BF}.Release|Any CPU.Build.0 = Release|Any CPU
	EndGlobalSection
	GlobalSection(SolutionProperties) = preSolution
		HideSolutionNode = FALSE
	EndGlobalSection
	GlobalSection(NestedProjects) = preSolution
		{BCD663FC-D9DB-4974-AD1C-6705893C88BF} = {86A58045-B4AB-417E-AF7C-F0659E52C195}
	EndGlobalSection
	GlobalSection(ExtensibilityGlobals) = postSolution
		SolutionGuid = {BE58B86E-0460-4230-8F7C-FF96147FE9E8}
	EndGlobalSection
EndGlobal
